
Microsoft Visual Studio Solution File, Format Version 12.00
# Visual Studio Version 16
VisualStudioVersion = 16.0.31025.194
MinimumVisualStudioVersion = 10.0.40219.1
Project("{FAE04EC0-301F-11D3-BF4B-00C04F79EFBC}") = "Students_group", "Students_group\Students_group.csproj", "{0C788B09-1C2F-4763-9980-AF211268CB9B}"
EndProject
Project("{FAE04EC0-301F-11D3-BF4B-00C04F79EFBC}") = "DataGridview_Connect_DB", "DataGridview_Connect_DB\DataGridview_Connect_DB.csproj", "{5200C246-AB06-42DF-8B74-0E428EC2A322}"
EndProject
Global
	GlobalSection(SolutionConfigurationPlatforms) = preSolution
		Debug|Any CPU = Debug|Any CPU
		Release|Any CPU = Release|Any CPU
	EndGlobalSection
	GlobalSection(ProjectConfigurationPlatforms) = postSolution
		{0C788B09-1C2F-4763-9980-AF211268CB9B}.Debug|Any CPU.ActiveCfg = Debug|Any CPU
		{0C788B09-1C2F-4763-9980-AF211268CB9B}.Debug|Any CPU.Build.0 = Debug|Any CPU
		{0C788B09-1C2F-4763-9980-AF211268CB9B}.Release|Any CPU.ActiveCfg = Release|Any CPU
		{0C788B09-1C2F-4763-9980-AF211268CB9B}.Release|Any CPU.Build.0 = Release|Any CPU
		{5200C246-AB06-42DF-8B74-0E428EC2A322}.Debug|Any CPU.ActiveCfg = Debug|Any CPU
		{5200C246-AB06-42DF-8B74-0E428EC2A322}.Debug|Any CPU.Build.0 = Debug|Any CPU
		{5200C246-AB06-42DF-8B74-0E428EC2A322}.Release|Any CPU.ActiveCfg = Release|Any CPU
		{5200C246-AB06-42DF-8B74-0E428EC2A322}.Release|Any CPU.Build.0 = Release|Any CPU
	EndGlobalSection
	GlobalSection(SolutionProperties) = preSolution
		HideSolutionNode = FALSE
	EndGlobalSection
	GlobalSection(ExtensibilityGlobals) = postSolution
		SolutionGuid = {A60BFC4B-9EAA-4AA2-BA84-895A0DC870CA}
	EndGlobalSection
EndGlobal
